
Microsoft Visual Studio Solution File, Format Version 12.00
# Visual Studio Version 17
VisualStudioVersion = 17.3.32922.545
MinimumVisualStudioVersion = 10.0.40219.1
Project("{FAE04EC0-301F-11D3-BF4B-00C04F79EFBC}") = "ejercicio fecha", "ejercicio fecha\ejercicio fecha.csproj", "{549A9A77-386D-4CC5-98F9-AFA6C350FB86}"
EndProject
Global
	GlobalSection(SolutionConfigurationPlatforms) = preSolution
		Debug|Any CPU = Debug|Any CPU
		Release|Any CPU = Release|Any CPU
	EndGlobalSection
	GlobalSection(ProjectConfigurationPlatforms) = postSolution
		{549A9A77-386D-4CC5-98F9-AFA6C350FB86}.Debug|Any CPU.ActiveCfg = Debug|Any CPU
		{549A9A77-386D-4CC5-98F9-AFA6C350FB86}.Debug|Any CPU.Build.0 = Debug|Any CPU
		{549A9A77-386D-4CC5-98F9-AFA6C350FB86}.Release|Any CPU.ActiveCfg = Release|Any CPU
		{549A9A77-386D-4CC5-98F9-AFA6C350FB86}.Release|Any CPU.Build.0 = Release|Any CPU
	EndGlobalSection
	GlobalSection(SolutionProperties) = preSolution
		HideSolutionNode = FALSE
	EndGlobalSection
	GlobalSection(ExtensibilityGlobals) = postSolution
		SolutionGuid = {11755A0F-79CE-4F68-AFE6-8C54BF2C5294}
	EndGlobalSection
EndGlobal
